// !$*UTF8*$!
{
	archiveVersion = 1;
	classes = {
	};
	objectVersion = 48;
	objects = {

/* Begin PBXBuildFile section */
		395B2F7D1FA85DB00075F9AF /* AppDelegate.swift in Sources */ = {isa = PBXBuildFile; fileRef = 395B2F7C1FA85DB00075F9AF /* AppDelegate.swift */; };
		395B2F7F1FA85DB00075F9AF /* ViewController.swift in Sources */ = {isa = PBXBuildFile; fileRef = 395B2F7E1FA85DB00075F9AF /* ViewController.swift */; };
		395B2F821FA85DB00075F9AF /* Main.storyboard in Resources */ = {isa = PBXBuildFile; fileRef = 395B2F801FA85DB00075F9AF /* Main.storyboard */; };
		395B2F841FA85DB00075F9AF /* Assets.xcassets in Resources */ = {isa = PBXBuildFile; fileRef = 395B2F831FA85DB00075F9AF /* Assets.xcassets */; };
		395B2F871FA85DB00075F9AF /* LaunchScreen.storyboard in Resources */ = {isa = PBXBuildFile; fileRef = 395B2F851FA85DB00075F9AF /* LaunchScreen.storyboard */; };
/* End PBXBuildFile section */

/* Begin PBXFileReference section */
		395B2F791FA85DB00075F9AF /* CoreMLDemo.app */ = {isa = PBXFileReference; explicitFileType = wrapper.application; includeInIndex = 0; path = CoreMLDemo.app; sourceTree = BUILT_PRODUCTS_DIR; };
		395B2F7C1FA85DB00075F9AF /* AppDelegate.swift */ = {isa = PBXFileReference; lastKnownFileType = sourcecode.swift; path = AppDelegate.swift; sourceTree = "<group>"; };
		395B2F7E1FA85DB00075F9AF /* ViewController.swift */ = {isa = PBXFileReference; lastKnownFileType = sourcecode.swift; path = ViewController.swift; sourceTree = "<group>"; };
		395B2F811FA85DB00075F9AF /* Base */ = {isa = PBXFileReference; lastKnownFileType = file.storyboard; name = Base; path = Base.lproj/Main.storyboard; sourceTree = "<group>"; };
		395B2F831FA85DB00075F9AF /* Assets.xcassets */ = {isa = PBXFileReference; lastKnownFileType = folder.assetcatalog; path = Assets.xcassets; sourceTree = "<group>"; };
		395B2F861FA85DB00075F9AF /* Base */ = {isa = PBXFileReference; lastKnownFileType = file.storyboard; name = Base; path = Base.lproj/LaunchScreen.storyboard; sourceTree = "<group>"; };
		395B2F881FA85DB00075F9AF /* Info.plist */ = {isa = PBXFileReference; lastKnownFileType = text.plist.xml; path = Info.plist; sourceTree = "<group>"; };
/* End PBXFileReference section */

/* Begin PBXFrameworksBuildPhase section */
		395B2F761FA85DB00075F9AF /* Frameworks */ = {
			isa = PBXFrameworksBuildPhase;
			buildActionMask = 2147483647;
			files = (
			);
			runOnlyForDeploymentPostprocessing = 0;
		};
/* End PBXFrameworksBuildPhase section */

/* Begin PBXGroup section */
		395B2F701FA85DB00075F9AF = {
			isa = PBXGroup;
			children = (
				395B2F7B1FA85DB00075F9AF /* CoreMLDemo */,
				395B2F7A1FA85DB00075F9AF /* Products */,
			);
			sourceTree = "<group>";
		};
		395B2F7A1FA85DB00075F9AF /* Products */ = {
			isa = PBXGroup;
			children = (
				395B2F791FA85DB00075F9AF /* CoreMLDemo.app */,
			);
			name = Products;
			sourceTree = "<group>";
		};
		395B2F7B1FA85DB00075F9AF /* CoreMLDemo */ = {
			isa = PBXGroup;
			children = (
				395B2F8E1FA85DC90075F9AF /* Resource */,
				395B2F7C1FA85DB00075F9AF /* AppDelegate.swift */,
				395B2F7E1FA85DB00075F9AF /* ViewController.swift */,
				395B2F801FA85DB00075F9AF /* Main.storyboard */,
				395B2F831FA85DB00075F9AF /* Assets.xcassets */,
				395B2F851FA85DB00075F9AF /* LaunchScreen.storyboard */,
				395B2F881FA85DB00075F9AF /* Info.plist */,
			);
			path = CoreMLDemo;
			sourceTree = "<group>";
		};
		395B2F8E1FA85DC90075F9AF /* Resource */ = {
			isa = PBXGroup;
			children = (
			);
			path = Resource;
			sourceTree = "<group>";
		};
/* End PBXGroup section */

/* Begin PBXNativeTarget section */
		395B2F781FA85DB00075F9AF /* CoreMLDemo */ = {
			isa = PBXNativeTarget;
			buildConfigurationList = 395B2F8B1FA85DB00075F9AF /* Build configuration list for PBXNativeTarget "CoreMLDemo" */;
			buildPhases = (
				395B2F751FA85DB00075F9AF /* Sources */,
				395B2F761FA85DB00075F9AF /* Frameworks */,
				395B2F771FA85DB00075F9AF /* Resources */,
			);
			buildRules = (
			);
			dependencies = (
			);
			name = CoreMLDemo;
			productName = CoreMLDemo;
			productReference = 395B2F791FA85DB00075F9AF /* CoreMLDemo.app */;
			productType = "com.apple.product-type.application";
		};
/* End PBXNativeTarget section */

/* Begin PBXProject section */
		395B2F711FA85DB00075F9AF /* Project object */ = {
			isa = PBXProject;
			attributes = {
				LastSwiftUpdateCheck = 0900;
				LastUpgradeCheck = 0900;
				ORGANIZATIONNAME = jeasung.lee;
				TargetAttributes = {
					395B2F781FA85DB00075F9AF = {
						CreatedOnToolsVersion = 9.0.1;
						ProvisioningStyle = Automatic;
					};
				};
			};
			buildConfigurationList = 395B2F741FA85DB00075F9AF /* Build configuration list for PBXProject "CoreMLDemo" */;
			compatibilityVersion = "Xcode 8.0";
			developmentRegion = en;
			hasScannedForEncodings = 0;
			knownRegions = (
				en,
				Base,
			);
			mainGroup = 395B2F701FA85DB00075F9AF;
			productRefGroup = 395B2F7A1FA85DB00075F9AF /* Products */;
			projectDirPath = "";
			projectRoot = "";
			targets = (
				395B2F781FA85DB00075F9AF /* CoreMLDemo */,
			);
		};
/* End PBXProject section */

/* Begin PBXResourcesBuildPhase section */
		395B2F771FA85DB00075F9AF /* Resources */ = {
			isa = PBXResourcesBuildPhase;
			buildActionMask = 2147483647;
			files = (
				395B2F871FA85DB00075F9AF /* LaunchScreen.storyboard in Resources */,
				395B2F841FA85DB00075F9AF /* Assets.xcassets in Resources */,
				395B2F821FA85DB00075F9AF /* Main.storyboard in Resources */,
			);
			runOnlyForDeploymentPostprocessing = 0;
		};
/* End PBXResourcesBuildPhase section */

/* Begin PBXSourcesBuildPhase section */
		395B2F751FA85DB00075F9AF /* Sources */ = {
			isa = PBXSourcesBuildPhase;
			buildActionMask = 2147483647;
			files = (
				395B2F7F1FA85DB00075F9AF /* ViewController.swift in Sources */,
				395B2F7D1FA85DB00075F9AF /* AppDelegate.swift in Sources */,
			);
			runOnlyForDeploymentPostprocessing = 0;
		};
/* End PBXSourcesBuildPhase section */

/* Begin PBXVariantGroup section */
		395B2F801FA85DB00075F9AF /* Main.storyboard */ = {
			isa = PBXVariantGroup;
			children = (
				395B2F811FA85DB00075F9AF /* Base */,
			);
			name = Main.storyboard;
			sourceTree = "<group>";
		};
		395B2F851FA85DB00075F9AF /* LaunchScreen.storyboard */ = {
			isa = PBXVariantGroup;
			children = (
				395B2F861FA85DB00075F9AF /* Base */,
			);
			name = LaunchScreen.storyboard;
			sourceTree = "<group>";
		};
/* End PBXVariantGroup section */

/* Begin XCBuildConfiguration section */
		395B2F891FA85DB00075F9AF /* Debug */ = {
			isa = XCBuildConfiguration;
			buildSettings = {
				ALWAYS_SEARCH_USER_PATHS = NO;
				CLANG_ANALYZER_NONNULL = YES;
				CLANG_ANALYZER_NUMBER_OBJECT_CONVERSION = YES_AGGRESSIVE;
				CLANG_CXX_LANGUAGE_STANDARD = "gnu++14";
				CLANG_CXX_LIBRARY = "libc++";
				CLANG_ENABLE_MODULES = YES;
				CLANG_ENABLE_OBJC_ARC = YES;
				CLANG_WARN_BLOCK_CAPTURE_AUTORELEASING = YES;
				CLANG_WARN_BOOL_CONVERSION = YES;
				CLANG_WARN_COMMA = YES;
				CLANG_WARN_CONSTANT_CONVERSION = YES;
				CLANG_WARN_DIRECT_OBJC_ISA_USAGE = YES_ERROR;
				CLANG_WARN_DOCUMENTATION_COMMENTS = YES;
				CLANG_WARN_EMPTY_BODY = YES;
				CLANG_WARN_ENUM_CONVERSION = YES;
				CLANG_WARN_INFINITE_RECURSION = YES;
				CLANG_WARN_INT_CONVERSION = YES;
				CLANG_WARN_NON_LITERAL_NULL_CONVERSION = YES;
				CLANG_WARN_OBJC_LITERAL_CONVERSION = YES;
				CLANG_WARN_OBJC_ROOT_CLASS = YES_ERROR;
				CLANG_WARN_RANGE_LOOP_ANALYSIS = YES;
				CLANG_WARN_STRICT_PROTOTYPES = YES;
				CLANG_WARN_SUSPICIOUS_MOVE = YES;
				CLANG_WARN_UNGUARDED_AVAILABILITY = YES_AGGRESSIVE;
				CLANG_WARN_UNREACHABLE_CODE = YES;
				CLANG_WARN__DUPLICATE_METHOD_MATCH = YES;
				CODE_SIGN_IDENTITY = "iPhone Developer";
				COPY_PHASE_STRIP = NO;
				DEBUG_INFORMATION_FORMAT = dwarf;
				ENABLE_STRICT_OBJC_MSGSEND = YES;
				ENABLE_TESTABILITY = YES;
				GCC_C_LANGUAGE_STANDARD = gnu11;
				GCC_DYNAMIC_NO_PIC = NO;
				GCC_NO_COMMON_BLOCKS = YES;
				GCC_OPTIMIZATION_LEVEL = 0;
				GCC_PREPROCESSOR_DEFINITIONS = (
					"DEBUG=1",
					"$(inherited)",
				);
				GCC_WARN_64_TO_32_BIT_CONVERSION = YES;
				GCC_WARN_ABOUT_RETURN_TYPE = YES_ERROR;
				GCC_WARN_UNDECLARED_SELECTOR = YES;
				GCC_WARN_UNINITIALIZED_AUTOS = YES_AGGRESSIVE;
				GCC_WARN_UNUSED_FUNCTION = YES;
				GCC_WARN_UNUSED_VARIABLE = YES;
				IPHONEOS_DEPLOYMENT_TARGET = 11.0;
				MTL_ENABLE_DEBUG_INFO = YES;
				ONLY_ACTIVE_ARCH = YES;
				SDKROOT = iphoneos;
				SWIFT_ACTIVE_COMPILATION_CONDITIONS = DEBUG;
				SWIFT_OPTIMIZATION_LEVEL = "-Onone";
			};
			name = Debug;
		};
		395B2F8A1FA85DB00075F9AF /* Release */ = {
			isa = XCBuildConfiguration;
			buildSettings = {
				ALWAYS_SEARCH_USER_PATHS = NO;
				CLANG_ANALYZER_NONNULL = YES;
				CLANG_ANALYZER_NUMBER_OBJECT_CONVERSION = YES_AGGRESSIVE;
				CLANG_CXX_LANGUAGE_STANDARD = "gnu++14";
				CLANG_CXX_LIBRARY = "libc++";
				CLANG_ENABLE_MODULES = YES;
				CLANG_ENABLE_OBJC_ARC = YES;
				CLANG_WARN_BLOCK_CAPTURE_AUTORELEASING = YES;
				CLANG_WARN_BOOL_CONVERSION = YES;
				CLANG_WARN_COMMA = YES;
				CLANG_WARN_CONSTANT_CONVERSION = YES;
				CLANG_WARN_DIRECT_OBJC_ISA_USAGE = YES_ERROR;
				CLANG_WARN_DOCUMENTATION_COMMENTS = YES;
				CLANG_WARN_EMPTY_BODY = YES;
				CLANG_WARN_ENUM_CONVERSION = YES;
				CLANG_WARN_INFINITE_RECURSION = YES;
				CLANG_WARN_INT_CONVERSION = YES;
				CLANG_WARN_NON_LITERAL_NULL_CONVERSION = YES;
				CLANG_WARN_OBJC_LITERAL_CONVERSION = YES;
				CLANG_WARN_OBJC_ROOT_CLASS = YES_ERROR;
				CLANG_WARN_RANGE_LOOP_ANALYSIS = YES;
				CLANG_WARN_STRICT_PROTOTYPES = YES;
				CLANG_WARN_SUSPICIOUS_MOVE = YES;
				CLANG_WARN_UNGUARDED_AVAILABILITY = YES_AGGRESSIVE;
				CLANG_WARN_UNREACHABLE_CODE = YES;
				CLANG_WARN__DUPLICATE_METHOD_MATCH = YES;
				CODE_SIGN_IDENTITY = "iPhone Developer";
				COPY_PHASE_STRIP = NO;
				DEBUG_INFORMATION_FORMAT = "dwarf-with-dsym";
				ENABLE_NS_ASSERTIONS = NO;
				ENABLE_STRICT_OBJC_MSGSEND = YES;
				GCC_C_LANGUAGE_STANDARD = gnu11;
				GCC_NO_COMMON_BLOCKS = YES;
				GCC_WARN_64_TO_32_BIT_CONVERSION = YES;
				GCC_WARN_ABOUT_RETURN_TYPE = YES_ERROR;
				GCC_WARN_UNDECLARED_SELECTOR = YES;
				GCC_WARN_UNINITIALIZED_AUTOS = YES_AGGRESSIVE;
				GCC_WARN_UNUSED_FUNCTION = YES;
				GCC_WARN_UNUSED_VARIABLE = YES;
				IPHONEOS_DEPLOYMENT_TARGET = 11.0;
				MTL_ENABLE_DEBUG_INFO = NO;
				SDKROOT = iphoneos;
				SWIFT_OPTIMIZATION_LEVEL = "-Owholemodule";
				VALIDATE_PRODUCT = YES;
			};
			name = Release;
		};
		395B2F8C1FA85DB00075F9AF /* Debug */ = {
			isa = XCBuildConfiguration;
			buildSettings = {
				ASSETCATALOG_COMPILER_APPICON_NAME = AppIcon;
				CODE_SIGN_STYLE = Automatic;
				DEVELOPMENT_TEAM = "";
				INFOPLIST_FILE = CoreMLDemo/Info.plist;
				LD_RUNPATH_SEARCH_PATHS = "$(inherited) @executable_path/Frameworks";
				PRODUCT_BUNDLE_IDENTIFIER = com.kaskay.jeasungLee.CoreMLDemo;
				PRODUCT_NAME = "$(TARGET_NAME)";
				SWIFT_VERSION = 4.0;
				TARGETED_DEVICE_FAMILY = "1,2";
			};
			name = Debug;
		};
		395B2F8D1FA85DB00075F9AF /* Release */ = {
			isa = XCBuildConfiguration;
			buildSettings = {
				ASSETCATALOG_COMPILER_APPICON_NAME = AppIcon;
				CODE_SIGN_STYLE = Automatic;
				DEVELOPMENT_TEAM = "";
				INFOPLIST_FILE = CoreMLDemo/Info.plist;
				LD_RUNPATH_SEARCH_PATHS = "$(inherited) @executable_path/Frameworks";
				PRODUCT_BUNDLE_IDENTIFIER = com.kaskay.jeasungLee.CoreMLDemo;
				PRODUCT_NAME = "$(TARGET_NAME)";
				SWIFT_VERSION = 4.0;
				TARGETED_DEVICE_FAMILY = "1,2";
			};
			name = Release;
		};
/* End XCBuildConfiguration section */

/* Begin XCConfigurationList section */
		395B2F741FA85DB00075F9AF /* Build configuration list for PBXProject "CoreMLDemo" */ = {
			isa = XCConfigurationList;
			buildConfigurations = (
				395B2F891FA85DB00075F9AF /* Debug */,
				395B2F8A1FA85DB00075F9AF /* Release */,
			);
			defaultConfigurationIsVisible = 0;
			defaultConfigurationName = Release;
		};
		395B2F8B1FA85DB00075F9AF /* Build configuration list for PBXNativeTarget "CoreMLDemo" */ = {
			isa = XCConfigurationList;
			buildConfigurations = (
				395B2F8C1FA85DB00075F9AF /* Debug */,
				395B2F8D1FA85DB00075F9AF /* Release */,
			);
			defaultConfigurationIsVisible = 0;
			defaultConfigurationName = Release;
		};
/* End XCConfigurationList section */
	};
	rootObject = 395B2F711FA85DB00075F9AF /* Project object */;
}
